// !$*UTF8*$!
{
	archiveVersion = 1;
	classes = {
	};
	objectVersion = 46;
	objects = {

/* Begin PBXBuildFile section */
		1720C2E41ACFF29F003BBE29 /* main.m in Sources */ = {isa = PBXBuildFile; fileRef = 1720C2E31ACFF29F003BBE29 /* main.m */; };
		1720C2E71ACFF29F003BBE29 /* AppDelegate.m in Sources */ = {isa = PBXBuildFile; fileRef = 1720C2E61ACFF29F003BBE29 /* AppDelegate.m */; };
		1720C2EA1ACFF29F003BBE29 /* ViewController.m in Sources */ = {isa = PBXBuildFile; fileRef = 1720C2E91ACFF29F003BBE29 /* ViewController.m */; };
		1720C2ED1ACFF29F003BBE29 /* Main.storyboard in Resources */ = {isa = PBXBuildFile; fileRef = 1720C2EB1ACFF29F003BBE29 /* Main.storyboard */; };
		1720C2EF1ACFF29F003BBE29 /* Images.xcassets in Resources */ = {isa = PBXBuildFile; fileRef = 1720C2EE1ACFF29F003BBE29 /* Images.xcassets */; };
		1720C2F21ACFF29F003BBE29 /* LaunchScreen.xib in Resources */ = {isa = PBXBuildFile; fileRef = 1720C2F01ACFF29F003BBE29 /* LaunchScreen.xib */; };
		1720C2FE1ACFF29F003BBE29 /* MissIMDemoTests.m in Sources */ = {isa = PBXBuildFile; fileRef = 1720C2FD1ACFF29F003BBE29 /* MissIMDemoTests.m */; };
		1720C31C1ACFF31E003BBE29 /* AVOSCloud.framework in Frameworks */ = {isa = PBXBuildFile; fileRef = 1720C3071ACFF31E003BBE29 /* AVOSCloud.framework */; };
		1720C31D1ACFF31E003BBE29 /* AVOSCloudIM.framework in Frameworks */ = {isa = PBXBuildFile; fileRef = 1720C3081ACFF31E003BBE29 /* AVOSCloudIM.framework */; };
		1720C31E1ACFF31E003BBE29 /* MissIMContentView.m in Sources */ = {isa = PBXBuildFile; fileRef = 1720C30B1ACFF31E003BBE29 /* MissIMContentView.m */; };
		1720C31F1ACFF31E003BBE29 /* MissIMData.m in Sources */ = {isa = PBXBuildFile; fileRef = 1720C30D1ACFF31E003BBE29 /* MissIMData.m */; };
		1720C3201ACFF31E003BBE29 /* MissIMFrame.m in Sources */ = {isa = PBXBuildFile; fileRef = 1720C30F1ACFF31E003BBE29 /* MissIMFrame.m */; };
		1720C3211ACFF31E003BBE29 /* MissIMModelManager.m in Sources */ = {isa = PBXBuildFile; fileRef = 1720C3111ACFF31E003BBE29 /* MissIMModelManager.m */; };
		1720C3221ACFF31E003BBE29 /* MissIMShowImageBrowser.m in Sources */ = {isa = PBXBuildFile; fileRef = 1720C3131ACFF31E003BBE29 /* MissIMShowImageBrowser.m */; };
		1720C3231ACFF31E003BBE29 /* MissIMTableViewCell.m in Sources */ = {isa = PBXBuildFile; fileRef = 1720C3151ACFF31E003BBE29 /* MissIMTableViewCell.m */; };
		1720C3241ACFF31E003BBE29 /* MissIMTest.m in Sources */ = {isa = PBXBuildFile; fileRef = 1720C3171ACFF31E003BBE29 /* MissIMTest.m */; };
		1720C3251ACFF31E003BBE29 /* MissIMUIView.m in Sources */ = {isa = PBXBuildFile; fileRef = 1720C3191ACFF31E003BBE29 /* MissIMUIView.m */; };
		1720C3281ACFF330003BBE29 /* SystemConfiguration.framework in Frameworks */ = {isa = PBXBuildFile; fileRef = 1720C3271ACFF330003BBE29 /* SystemConfiguration.framework */; };
		1720C32A1ACFF336003BBE29 /* MobileCoreServices.framework in Frameworks */ = {isa = PBXBuildFile; fileRef = 1720C3291ACFF336003BBE29 /* MobileCoreServices.framework */; };
		1720C32C1ACFF33D003BBE29 /* CoreLocation.framework in Frameworks */ = {isa = PBXBuildFile; fileRef = 1720C32B1ACFF33D003BBE29 /* CoreLocation.framework */; };
		1720C32E1ACFF343003BBE29 /* CoreTelephony.framework in Frameworks */ = {isa = PBXBuildFile; fileRef = 1720C32D1ACFF343003BBE29 /* CoreTelephony.framework */; };
		1720C3301ACFF369003BBE29 /* libicucore.dylib in Frameworks */ = {isa = PBXBuildFile; fileRef = 1720C32F1ACFF369003BBE29 /* libicucore.dylib */; };
		1720C33C1AD00992003BBE29 /* MissIMModel.xcdatamodeld in Sources */ = {isa = PBXBuildFile; fileRef = 1720C33A1AD00992003BBE29 /* MissIMModel.xcdatamodeld */; };
		1720C3431AD0252B003BBE29 /* MissIMViewController.m in Sources */ = {isa = PBXBuildFile; fileRef = 1720C3421AD0252B003BBE29 /* MissIMViewController.m */; };
		1723C9411AD0F745006BDD82 /* client-icon.jpg in Resources */ = {isa = PBXBuildFile; fileRef = 1723C93F1AD0F745006BDD82 /* client-icon.jpg */; };
		1723C9421AD0F745006BDD82 /* service-icon.jpg in Resources */ = {isa = PBXBuildFile; fileRef = 1723C9401AD0F745006BDD82 /* service-icon.jpg */; };
/* End PBXBuildFile section */

/* Begin PBXContainerItemProxy section */
		1720C2F81ACFF29F003BBE29 /* PBXContainerItemProxy */ = {
			isa = PBXContainerItemProxy;
			containerPortal = 1720C2D61ACFF29F003BBE29 /* Project object */;
			proxyType = 1;
			remoteGlobalIDString = 1720C2DD1ACFF29F003BBE29;
			remoteInfo = MissIMDemo;
		};
/* End PBXContainerItemProxy section */

/* Begin PBXFileReference section */
		1720C2DE1ACFF29F003BBE29 /* MissIMDemo.app */ = {isa = PBXFileReference; explicitFileType = wrapper.application; includeInIndex = 0; path = MissIMDemo.app; sourceTree = BUILT_PRODUCTS_DIR; };
		1720C2E21ACFF29F003BBE29 /* Info.plist */ = {isa = PBXFileReference; lastKnownFileType = text.plist.xml; path = Info.plist; sourceTree = "<group>"; };
		1720C2E31ACFF29F003BBE29 /* main.m */ = {isa = PBXFileReference; lastKnownFileType = sourcecode.c.objc; path = main.m; sourceTree = "<group>"; };
		1720C2E51ACFF29F003BBE29 /* AppDelegate.h */ = {isa = PBXFileReference; lastKnownFileType = sourcecode.c.h; path = AppDelegate.h; sourceTree = "<group>"; };
		1720C2E61ACFF29F003BBE29 /* AppDelegate.m */ = {isa = PBXFileReference; lastKnownFileType = sourcecode.c.objc; path = AppDelegate.m; sourceTree = "<group>"; };
		1720C2E81ACFF29F003BBE29 /* ViewController.h */ = {isa = PBXFileReference; lastKnownFileType = sourcecode.c.h; path = ViewController.h; sourceTree = "<group>"; };
		1720C2E91ACFF29F003BBE29 /* ViewController.m */ = {isa = PBXFileReference; lastKnownFileType = sourcecode.c.objc; path = ViewController.m; sourceTree = "<group>"; };
		1720C2EC1ACFF29F003BBE29 /* Base */ = {isa = PBXFileReference; lastKnownFileType = file.storyboard; name = Base; path = Base.lproj/Main.storyboard; sourceTree = "<group>"; };
		1720C2EE1ACFF29F003BBE29 /* Images.xcassets */ = {isa = PBXFileReference; lastKnownFileType = folder.assetcatalog; path = Images.xcassets; sourceTree = "<group>"; };
		1720C2F11ACFF29F003BBE29 /* Base */ = {isa = PBXFileReference; lastKnownFileType = file.xib; name = Base; path = Base.lproj/LaunchScreen.xib; sourceTree = "<group>"; };
		1720C2F71ACFF29F003BBE29 /* MissIMDemoTests.xctest */ = {isa = PBXFileReference; explicitFileType = wrapper.cfbundle; includeInIndex = 0; path = MissIMDemoTests.xctest; sourceTree = BUILT_PRODUCTS_DIR; };
		1720C2FC1ACFF29F003BBE29 /* Info.plist */ = {isa = PBXFileReference; lastKnownFileType = text.plist.xml; path = Info.plist; sourceTree = "<group>"; };
		1720C2FD1ACFF29F003BBE29 /* MissIMDemoTests.m */ = {isa = PBXFileReference; lastKnownFileType = sourcecode.c.objc; path = MissIMDemoTests.m; sourceTree = "<group>"; };
		1720C3071ACFF31E003BBE29 /* AVOSCloud.framework */ = {isa = PBXFileReference; lastKnownFileType = wrapper.framework; path = AVOSCloud.framework; sourceTree = "<group>"; };
		1720C3081ACFF31E003BBE29 /* AVOSCloudIM.framework */ = {isa = PBXFileReference; lastKnownFileType = wrapper.framework; path = AVOSCloudIM.framework; sourceTree = "<group>"; };
		1720C30A1ACFF31E003BBE29 /* MissIMContentView.h */ = {isa = PBXFileReference; fileEncoding = 4; lastKnownFileType = sourcecode.c.h; path = MissIMContentView.h; sourceTree = "<group>"; };
		1720C30B1ACFF31E003BBE29 /* MissIMContentView.m */ = {isa = PBXFileReference; fileEncoding = 4; lastKnownFileType = sourcecode.c.objc; path = MissIMContentView.m; sourceTree = "<group>"; };
		1720C30C1ACFF31E003BBE29 /* MissIMData.h */ = {isa = PBXFileReference; fileEncoding = 4; lastKnownFileType = sourcecode.c.h; path = MissIMData.h; sourceTree = "<group>"; };
		1720C30D1ACFF31E003BBE29 /* MissIMData.m */ = {isa = PBXFileReference; fileEncoding = 4; lastKnownFileType = sourcecode.c.objc; path = MissIMData.m; sourceTree = "<group>"; };
		1720C30E1ACFF31E003BBE29 /* MissIMFrame.h */ = {isa = PBXFileReference; fileEncoding = 4; lastKnownFileType = sourcecode.c.h; path = MissIMFrame.h; sourceTree = "<group>"; };
		1720C30F1ACFF31E003BBE29 /* MissIMFrame.m */ = {isa = PBXFileReference; fileEncoding = 4; lastKnownFileType = sourcecode.c.objc; path = MissIMFrame.m; sourceTree = "<group>"; };
		1720C3101ACFF31E003BBE29 /* MissIMModelManager.h */ = {isa = PBXFileReference; fileEncoding = 4; lastKnownFileType = sourcecode.c.h; path = MissIMModelManager.h; sourceTree = "<group>"; };
		1720C3111ACFF31E003BBE29 /* MissIMModelManager.m */ = {isa = PBXFileReference; fileEncoding = 4; lastKnownFileType = sourcecode.c.objc; path = MissIMModelManager.m; sourceTree = "<group>"; };
		1720C3121ACFF31E003BBE29 /* MissIMShowImageBrowser.h */ = {isa = PBXFileReference; fileEncoding = 4; lastKnownFileType = sourcecode.c.h; path = MissIMShowImageBrowser.h; sourceTree = "<group>"; };
		1720C3131ACFF31E003BBE29 /* MissIMShowImageBrowser.m */ = {isa = PBXFileReference; fileEncoding = 4; lastKnownFileType = sourcecode.c.objc; path = MissIMShowImageBrowser.m; sourceTree = "<group>"; };
		1720C3141ACFF31E003BBE29 /* MissIMTableViewCell.h */ = {isa = PBXFileReference; fileEncoding = 4; lastKnownFileType = sourcecode.c.h; path = MissIMTableViewCell.h; sourceTree = "<group>"; };
		1720C3151ACFF31E003BBE29 /* MissIMTableViewCell.m */ = {isa = PBXFileReference; fileEncoding = 4; lastKnownFileType = sourcecode.c.objc; path = MissIMTableViewCell.m; sourceTree = "<group>"; };
		1720C3161ACFF31E003BBE29 /* MissIMTest.h */ = {isa = PBXFileReference; fileEncoding = 4; lastKnownFileType = sourcecode.c.h; path = MissIMTest.h; sourceTree = "<group>"; };
		1720C3171ACFF31E003BBE29 /* MissIMTest.m */ = {isa = PBXFileReference; fileEncoding = 4; lastKnownFileType = sourcecode.c.objc; path = MissIMTest.m; sourceTree = "<group>"; };
		1720C3181ACFF31E003BBE29 /* MissIMUIView.h */ = {isa = PBXFileReference; fileEncoding = 4; lastKnownFileType = sourcecode.c.h; path = MissIMUIView.h; sourceTree = "<group>"; };
		1720C3191ACFF31E003BBE29 /* MissIMUIView.m */ = {isa = PBXFileReference; fileEncoding = 4; lastKnownFileType = sourcecode.c.objc; path = MissIMUIView.m; sourceTree = "<group>"; };
		1720C3271ACFF330003BBE29 /* SystemConfiguration.framework */ = {isa = PBXFileReference; lastKnownFileType = wrapper.framework; name = SystemConfiguration.framework; path = System/Library/Frameworks/SystemConfiguration.framework; sourceTree = SDKROOT; };
		1720C3291ACFF336003BBE29 /* MobileCoreServices.framework */ = {isa = PBXFileReference; lastKnownFileType = wrapper.framework; name = MobileCoreServices.framework; path = System/Library/Frameworks/MobileCoreServices.framework; sourceTree = SDKROOT; };
		1720C32B1ACFF33D003BBE29 /* CoreLocation.framework */ = {isa = PBXFileReference; lastKnownFileType = wrapper.framework; name = CoreLocation.framework; path = System/Library/Frameworks/CoreLocation.framework; sourceTree = SDKROOT; };
		1720C32D1ACFF343003BBE29 /* CoreTelephony.framework */ = {isa = PBXFileReference; lastKnownFileType = wrapper.framework; name = CoreTelephony.framework; path = System/Library/Frameworks/CoreTelephony.framework; sourceTree = SDKROOT; };
		1720C32F1ACFF369003BBE29 /* libicucore.dylib */ = {isa = PBXFileReference; lastKnownFileType = "compiled.mach-o.dylib"; name = libicucore.dylib; path = usr/lib/libicucore.dylib; sourceTree = SDKROOT; };
		1720C33B1AD00992003BBE29 /* MissIMModel.xcdatamodel */ = {isa = PBXFileReference; lastKnownFileType = wrapper.xcdatamodel; path = MissIMModel.xcdatamodel; sourceTree = "<group>"; };
		1720C3411AD0252B003BBE29 /* MissIMViewController.h */ = {isa = PBXFileReference; fileEncoding = 4; lastKnownFileType = sourcecode.c.h; path = MissIMViewController.h; sourceTree = "<group>"; };
		1720C3421AD0252B003BBE29 /* MissIMViewController.m */ = {isa = PBXFileReference; fileEncoding = 4; lastKnownFileType = sourcecode.c.objc; path = MissIMViewController.m; sourceTree = "<group>"; };
		1723C93F1AD0F745006BDD82 /* client-icon.jpg */ = {isa = PBXFileReference; lastKnownFileType = image.jpeg; path = "client-icon.jpg"; sourceTree = "<group>"; };
		1723C9401AD0F745006BDD82 /* service-icon.jpg */ = {isa = PBXFileReference; lastKnownFileType = image.jpeg; path = "service-icon.jpg"; sourceTree = "<group>"; };
/* End PBXFileReference section */

/* Begin PBXFrameworksBuildPhase section */
		1720C2DB1ACFF29F003BBE29 /* Frameworks */ = {
			isa = PBXFrameworksBuildPhase;
			buildActionMask = 2147483647;
			files = (
				1720C3301ACFF369003BBE29 /* libicucore.dylib in Frameworks */,
				1720C32E1ACFF343003BBE29 /* CoreTelephony.framework in Frameworks */,
				1720C32C1ACFF33D003BBE29 /* CoreLocation.framework in Frameworks */,
				1720C32A1ACFF336003BBE29 /* MobileCoreServices.framework in Frameworks */,
				1720C3281ACFF330003BBE29 /* SystemConfiguration.framework in Frameworks */,
				1720C31C1ACFF31E003BBE29 /* AVOSCloud.framework in Frameworks */,
				1720C31D1ACFF31E003BBE29 /* AVOSCloudIM.framework in Frameworks */,
			);
			runOnlyForDeploymentPostprocessing = 0;
		};
		1720C2F41ACFF29F003BBE29 /* Frameworks */ = {
			isa = PBXFrameworksBuildPhase;
			buildActionMask = 2147483647;
			files = (
			);
			runOnlyForDeploymentPostprocessing = 0;
		};
/* End PBXFrameworksBuildPhase section */

/* Begin PBXGroup section */
		1720C2D51ACFF29F003BBE29 = {
			isa = PBXGroup;
			children = (
				1720C32F1ACFF369003BBE29 /* libicucore.dylib */,
				1720C32D1ACFF343003BBE29 /* CoreTelephony.framework */,
				1720C32B1ACFF33D003BBE29 /* CoreLocation.framework */,
				1720C3291ACFF336003BBE29 /* MobileCoreServices.framework */,
				1720C3271ACFF330003BBE29 /* SystemConfiguration.framework */,
				1720C3071ACFF31E003BBE29 /* AVOSCloud.framework */,
				1720C3081ACFF31E003BBE29 /* AVOSCloudIM.framework */,
				1720C3091ACFF31E003BBE29 /* MissIM */,
				1720C2E01ACFF29F003BBE29 /* MissIMDemo */,
				1720C2FA1ACFF29F003BBE29 /* MissIMDemoTests */,
				1720C2DF1ACFF29F003BBE29 /* Products */,
			);
			sourceTree = "<group>";
		};
		1720C2DF1ACFF29F003BBE29 /* Products */ = {
			isa = PBXGroup;
			children = (
				1720C2DE1ACFF29F003BBE29 /* MissIMDemo.app */,
				1720C2F71ACFF29F003BBE29 /* MissIMDemoTests.xctest */,
			);
			name = Products;
			sourceTree = "<group>";
		};
		1720C2E01ACFF29F003BBE29 /* MissIMDemo */ = {
			isa = PBXGroup;
			children = (
				1720C3391AD00974003BBE29 /* ModelCoreData */,
				1720C2E51ACFF29F003BBE29 /* AppDelegate.h */,
				1720C2E61ACFF29F003BBE29 /* AppDelegate.m */,
				1720C2E81ACFF29F003BBE29 /* ViewController.h */,
				1720C2E91ACFF29F003BBE29 /* ViewController.m */,
				1720C2EB1ACFF29F003BBE29 /* Main.storyboard */,
				1720C2EE1ACFF29F003BBE29 /* Images.xcassets */,
				1720C2F01ACFF29F003BBE29 /* LaunchScreen.xib */,
				1720C2E11ACFF29F003BBE29 /* Supporting Files */,
			);
			path = MissIMDemo;
			sourceTree = "<group>";
		};
		1720C2E11ACFF29F003BBE29 /* Supporting Files */ = {
			isa = PBXGroup;
			children = (
				1723C93F1AD0F745006BDD82 /* client-icon.jpg */,
				1723C9401AD0F745006BDD82 /* service-icon.jpg */,
				1720C2E21ACFF29F003BBE29 /* Info.plist */,
				1720C2E31ACFF29F003BBE29 /* main.m */,
			);
			name = "Supporting Files";
			sourceTree = "<group>";
		};
		1720C2FA1ACFF29F003BBE29 /* MissIMDemoTests */ = {
			isa = PBXGroup;
			children = (
				1720C2FD1ACFF29F003BBE29 /* MissIMDemoTests.m */,
				1720C2FB1ACFF29F003BBE29 /* Supporting Files */,
			);
			path = MissIMDemoTests;
			sourceTree = "<group>";
		};
		1720C2FB1ACFF29F003BBE29 /* Supporting Files */ = {
			isa = PBXGroup;
			children = (
				1720C2FC1ACFF29F003BBE29 /* Info.plist */,
			);
			name = "Supporting Files";
			sourceTree = "<group>";
		};
		1720C3091ACFF31E003BBE29 /* MissIM */ = {
			isa = PBXGroup;
			children = (
				1720C30A1ACFF31E003BBE29 /* MissIMContentView.h */,
				1720C30B1ACFF31E003BBE29 /* MissIMContentView.m */,
				1720C30C1ACFF31E003BBE29 /* MissIMData.h */,
				1720C30D1ACFF31E003BBE29 /* MissIMData.m */,
				1720C30E1ACFF31E003BBE29 /* MissIMFrame.h */,
				1720C30F1ACFF31E003BBE29 /* MissIMFrame.m */,
				1720C3101ACFF31E003BBE29 /* MissIMModelManager.h */,
				1720C3111ACFF31E003BBE29 /* MissIMModelManager.m */,
				1720C3121ACFF31E003BBE29 /* MissIMShowImageBrowser.h */,
				1720C3131ACFF31E003BBE29 /* MissIMShowImageBrowser.m */,
				1720C3141ACFF31E003BBE29 /* MissIMTableViewCell.h */,
				1720C3151ACFF31E003BBE29 /* MissIMTableViewCell.m */,
				1720C3161ACFF31E003BBE29 /* MissIMTest.h */,
				1720C3171ACFF31E003BBE29 /* MissIMTest.m */,
				1720C3181ACFF31E003BBE29 /* MissIMUIView.h */,
				1720C3191ACFF31E003BBE29 /* MissIMUIView.m */,
				1720C3411AD0252B003BBE29 /* MissIMViewController.h */,
				1720C3421AD0252B003BBE29 /* MissIMViewController.m */,
			);
			path = MissIM;
			sourceTree = "<group>";
		};
		1720C3391AD00974003BBE29 /* ModelCoreData */ = {
			isa = PBXGroup;
			children = (
				1720C33A1AD00992003BBE29 /* MissIMModel.xcdatamodeld */,
			);
			name = ModelCoreData;
			sourceTree = "<group>";
		};
/* End PBXGroup section */

/* Begin PBXNativeTarget section */
		1720C2DD1ACFF29F003BBE29 /* MissIMDemo */ = {
			isa = PBXNativeTarget;
			buildConfigurationList = 1720C3011ACFF29F003BBE29 /* Build configuration list for PBXNativeTarget "MissIMDemo" */;
			buildPhases = (
				1720C2DA1ACFF29F003BBE29 /* Sources */,
				1720C2DB1ACFF29F003BBE29 /* Frameworks */,
				1720C2DC1ACFF29F003BBE29 /* Resources */,
			);
			buildRules = (
			);
			dependencies = (
			);
			name = MissIMDemo;
			productName = MissIMDemo;
			productReference = 1720C2DE1ACFF29F003BBE29 /* MissIMDemo.app */;
			productType = "com.apple.product-type.application";
		};
		1720C2F61ACFF29F003BBE29 /* MissIMDemoTests */ = {
			isa = PBXNativeTarget;
			buildConfigurationList = 1720C3041ACFF29F003BBE29 /* Build configuration list for PBXNativeTarget "MissIMDemoTests" */;
			buildPhases = (
				1720C2F31ACFF29F003BBE29 /* Sources */,
				1720C2F41ACFF29F003BBE29 /* Frameworks */,
				1720C2F51ACFF29F003BBE29 /* Resources */,
			);
			buildRules = (
			);
			dependencies = (
				1720C2F91ACFF29F003BBE29 /* PBXTargetDependency */,
			);
			name = MissIMDemoTests;
			productName = MissIMDemoTests;
			productReference = 1720C2F71ACFF29F003BBE29 /* MissIMDemoTests.xctest */;
			productType = "com.apple.product-type.bundle.unit-test";
		};
/* End PBXNativeTarget section */

/* Begin PBXProject section */
		1720C2D61ACFF29F003BBE29 /* Project object */ = {
			isa = PBXProject;
			attributes = {
				LastUpgradeCheck = 0620;
				ORGANIZATIONNAME = xiangwenwen;
				TargetAttributes = {
					1720C2DD1ACFF29F003BBE29 = {
						CreatedOnToolsVersion = 6.2;
					};
					1720C2F61ACFF29F003BBE29 = {
						CreatedOnToolsVersion = 6.2;
						TestTargetID = 1720C2DD1ACFF29F003BBE29;
					};
				};
			};
			buildConfigurationList = 1720C2D91ACFF29F003BBE29 /* Build configuration list for PBXProject "MissIMDemo" */;
			compatibilityVersion = "Xcode 3.2";
			developmentRegion = English;
			hasScannedForEncodings = 0;
			knownRegions = (
				en,
				Base,
			);
			mainGroup = 1720C2D51ACFF29F003BBE29;
			productRefGroup = 1720C2DF1ACFF29F003BBE29 /* Products */;
			projectDirPath = "";
			projectRoot = "";
			targets = (
				1720C2DD1ACFF29F003BBE29 /* MissIMDemo */,
				1720C2F61ACFF29F003BBE29 /* MissIMDemoTests */,
			);
		};
/* End PBXProject section */

/* Begin PBXResourcesBuildPhase section */
		1720C2DC1ACFF29F003BBE29 /* Resources */ = {
			isa = PBXResourcesBuildPhase;
			buildActionMask = 2147483647;
			files = (
				1720C2ED1ACFF29F003BBE29 /* Main.storyboard in Resources */,
				1723C9421AD0F745006BDD82 /* service-icon.jpg in Resources */,
				1720C2F21ACFF29F003BBE29 /* LaunchScreen.xib in Resources */,
				1723C9411AD0F745006BDD82 /* client-icon.jpg in Resources */,
				1720C2EF1ACFF29F003BBE29 /* Images.xcassets in Resources */,
			);
			runOnlyForDeploymentPostprocessing = 0;
		};
		1720C2F51ACFF29F003BBE29 /* Resources */ = {
			isa = PBXResourcesBuildPhase;
			buildActionMask = 2147483647;
			files = (
			);
			runOnlyForDeploymentPostprocessing = 0;
		};
/* End PBXResourcesBuildPhase section */

/* Begin PBXSourcesBuildPhase section */
		1720C2DA1ACFF29F003BBE29 /* Sources */ = {
			isa = PBXSourcesBuildPhase;
			buildActionMask = 2147483647;
			files = (
				1720C2EA1ACFF29F003BBE29 /* ViewController.m in Sources */,
				1720C2E71ACFF29F003BBE29 /* AppDelegate.m in Sources */,
				1720C33C1AD00992003BBE29 /* MissIMModel.xcdatamodeld in Sources */,
				1720C3211ACFF31E003BBE29 /* MissIMModelManager.m in Sources */,
				1720C31E1ACFF31E003BBE29 /* MissIMContentView.m in Sources */,
				1720C3231ACFF31E003BBE29 /* MissIMTableViewCell.m in Sources */,
				1720C3241ACFF31E003BBE29 /* MissIMTest.m in Sources */,
				1720C2E41ACFF29F003BBE29 /* main.m in Sources */,
				1720C3251ACFF31E003BBE29 /* MissIMUIView.m in Sources */,
				1720C3221ACFF31E003BBE29 /* MissIMShowImageBrowser.m in Sources */,
				1720C31F1ACFF31E003BBE29 /* MissIMData.m in Sources */,
				1720C3431AD0252B003BBE29 /* MissIMViewController.m in Sources */,
				1720C3201ACFF31E003BBE29 /* MissIMFrame.m in Sources */,
			);
			runOnlyForDeploymentPostprocessing = 0;
		};
		1720C2F31ACFF29F003BBE29 /* Sources */ = {
			isa = PBXSourcesBuildPhase;
			buildActionMask = 2147483647;
			files = (
				1720C2FE1ACFF29F003BBE29 /* MissIMDemoTests.m in Sources */,
			);
			runOnlyForDeploymentPostprocessing = 0;
		};
/* End PBXSourcesBuildPhase section */

/* Begin PBXTargetDependency section */
		1720C2F91ACFF29F003BBE29 /* PBXTargetDependency */ = {
			isa = PBXTargetDependency;
			target = 1720C2DD1ACFF29F003BBE29 /* MissIMDemo */;
			targetProxy = 1720C2F81ACFF29F003BBE29 /* PBXContainerItemProxy */;
		};
/* End PBXTargetDependency section */

/* Begin PBXVariantGroup section */
		1720C2EB1ACFF29F003BBE29 /* Main.storyboard */ = {
			isa = PBXVariantGroup;
			children = (
				1720C2EC1ACFF29F003BBE29 /* Base */,
			);
			name = Main.storyboard;
			sourceTree = "<group>";
		};
		1720C2F01ACFF29F003BBE29 /* LaunchScreen.xib */ = {
			isa = PBXVariantGroup;
			children = (
				1720C2F11ACFF29F003BBE29 /* Base */,
			);
			name = LaunchScreen.xib;
			sourceTree = "<group>";
		};
/* End PBXVariantGroup section */

/* Begin XCBuildConfiguration section */
		1720C2FF1ACFF29F003BBE29 /* Debug */ = {
			isa = XCBuildConfiguration;
			buildSettings = {
				ALWAYS_SEARCH_USER_PATHS = NO;
				CLANG_CXX_LANGUAGE_STANDARD = "gnu++0x";
				CLANG_CXX_LIBRARY = "libc++";
				CLANG_ENABLE_MODULES = YES;
				CLANG_ENABLE_OBJC_ARC = YES;
				CLANG_WARN_BOOL_CONVERSION = YES;
				CLANG_WARN_CONSTANT_CONVERSION = YES;
				CLANG_WARN_DIRECT_OBJC_ISA_USAGE = YES_ERROR;
				CLANG_WARN_EMPTY_BODY = YES;
				CLANG_WARN_ENUM_CONVERSION = YES;
				CLANG_WARN_INT_CONVERSION = YES;
				CLANG_WARN_OBJC_ROOT_CLASS = YES_ERROR;
				CLANG_WARN_UNREACHABLE_CODE = YES;
				CLANG_WARN__DUPLICATE_METHOD_MATCH = YES;
				"CODE_SIGN_IDENTITY[sdk=iphoneos*]" = "iPhone Developer";
				COPY_PHASE_STRIP = NO;
				ENABLE_STRICT_OBJC_MSGSEND = YES;
				GCC_C_LANGUAGE_STANDARD = gnu99;
				GCC_DYNAMIC_NO_PIC = NO;
				GCC_OPTIMIZATION_LEVEL = 0;
				GCC_PREPROCESSOR_DEFINITIONS = (
					"DEBUG=1",
					"$(inherited)",
				);
				GCC_SYMBOLS_PRIVATE_EXTERN = NO;
				GCC_WARN_64_TO_32_BIT_CONVERSION = YES;
				GCC_WARN_ABOUT_RETURN_TYPE = YES_ERROR;
				GCC_WARN_UNDECLARED_SELECTOR = YES;
				GCC_WARN_UNINITIALIZED_AUTOS = YES_AGGRESSIVE;
				GCC_WARN_UNUSED_FUNCTION = YES;
				GCC_WARN_UNUSED_VARIABLE = YES;
				IPHONEOS_DEPLOYMENT_TARGET = 8.2;
				MTL_ENABLE_DEBUG_INFO = YES;
				ONLY_ACTIVE_ARCH = YES;
				SDKROOT = iphoneos;
			};
			name = Debug;
		};
		1720C3001ACFF29F003BBE29 /* Release */ = {
			isa = XCBuildConfiguration;
			buildSettings = {
				ALWAYS_SEARCH_USER_PATHS = NO;
				CLANG_CXX_LANGUAGE_STANDARD = "gnu++0x";
				CLANG_CXX_LIBRARY = "libc++";
				CLANG_ENABLE_MODULES = YES;
				CLANG_ENABLE_OBJC_ARC = YES;
				CLANG_WARN_BOOL_CONVERSION = YES;
				CLANG_WARN_CONSTANT_CONVERSION = YES;
				CLANG_WARN_DIRECT_OBJC_ISA_USAGE = YES_ERROR;
				CLANG_WARN_EMPTY_BODY = YES;
				CLANG_WARN_ENUM_CONVERSION = YES;
				CLANG_WARN_INT_CONVERSION = YES;
				CLANG_WARN_OBJC_ROOT_CLASS = YES_ERROR;
				CLANG_WARN_UNREACHABLE_CODE = YES;
				CLANG_WARN__DUPLICATE_METHOD_MATCH = YES;
				"CODE_SIGN_IDENTITY[sdk=iphoneos*]" = "iPhone Developer";
				COPY_PHASE_STRIP = NO;
				ENABLE_NS_ASSERTIONS = NO;
				ENABLE_STRICT_OBJC_MSGSEND = YES;
				GCC_C_LANGUAGE_STANDARD = gnu99;
				GCC_WARN_64_TO_32_BIT_CONVERSION = YES;
				GCC_WARN_ABOUT_RETURN_TYPE = YES_ERROR;
				GCC_WARN_UNDECLARED_SELECTOR = YES;
				GCC_WARN_UNINITIALIZED_AUTOS = YES_AGGRESSIVE;
				GCC_WARN_UNUSED_FUNCTION = YES;
				GCC_WARN_UNUSED_VARIABLE = YES;
				IPHONEOS_DEPLOYMENT_TARGET = 8.2;
				MTL_ENABLE_DEBUG_INFO = NO;
				SDKROOT = iphoneos;
				VALIDATE_PRODUCT = YES;
			};
			name = Release;
		};
		1720C3021ACFF29F003BBE29 /* Debug */ = {
			isa = XCBuildConfiguration;
			buildSettings = {
				ASSETCATALOG_COMPILER_APPICON_NAME = AppIcon;
				FRAMEWORK_SEARCH_PATHS = (
					"$(inherited)",
					"$(PROJECT_DIR)",
				);
				INFOPLIST_FILE = MissIMDemo/Info.plist;
				LD_RUNPATH_SEARCH_PATHS = "$(inherited) @executable_path/Frameworks";
				PRODUCT_NAME = "$(TARGET_NAME)";
			};
			name = Debug;
		};
		1720C3031ACFF29F003BBE29 /* Release */ = {
			isa = XCBuildConfiguration;
			buildSettings = {
				ASSETCATALOG_COMPILER_APPICON_NAME = AppIcon;
				FRAMEWORK_SEARCH_PATHS = (
					"$(inherited)",
					"$(PROJECT_DIR)",
				);
				INFOPLIST_FILE = MissIMDemo/Info.plist;
				LD_RUNPATH_SEARCH_PATHS = "$(inherited) @executable_path/Frameworks";
				PRODUCT_NAME = "$(TARGET_NAME)";
			};
			name = Release;
		};
		1720C3051ACFF29F003BBE29 /* Debug */ = {
			isa = XCBuildConfiguration;
			buildSettings = {
				BUNDLE_LOADER = "$(TEST_HOST)";
				FRAMEWORK_SEARCH_PATHS = (
					"$(SDKROOT)/Developer/Library/Frameworks",
					"$(inherited)",
				);
				GCC_PREPROCESSOR_DEFINITIONS = (
					"DEBUG=1",
					"$(inherited)",
				);
				INFOPLIST_FILE = MissIMDemoTests/Info.plist;
				LD_RUNPATH_SEARCH_PATHS = "$(inherited) @executable_path/Frameworks @loader_path/Frameworks";
				PRODUCT_NAME = "$(TARGET_NAME)";
				TEST_HOST = "$(BUILT_PRODUCTS_DIR)/MissIMDemo.app/MissIMDemo";
			};
			name = Debug;
		};
		1720C3061ACFF29F003BBE29 /* Release */ = {
			isa = XCBuildConfiguration;
			buildSettings = {
				BUNDLE_LOADER = "$(TEST_HOST)";
				FRAMEWORK_SEARCH_PATHS = (
					"$(SDKROOT)/Developer/Library/Frameworks",
					"$(inherited)",
				);
				INFOPLIST_FILE = MissIMDemoTests/Info.plist;
				LD_RUNPATH_SEARCH_PATHS = "$(inherited) @executable_path/Frameworks @loader_path/Frameworks";
				PRODUCT_NAME = "$(TARGET_NAME)";
				TEST_HOST = "$(BUILT_PRODUCTS_DIR)/MissIMDemo.app/MissIMDemo";
			};
			name = Release;
		};
/* End XCBuildConfiguration section */

/* Begin XCConfigurationList section */
		1720C2D91ACFF29F003BBE29 /* Build configuration list for PBXProject "MissIMDemo" */ = {
			isa = XCConfigurationList;
			buildConfigurations = (
				1720C2FF1ACFF29F003BBE29 /* Debug */,
				1720C3001ACFF29F003BBE29 /* Release */,
			);
			defaultConfigurationIsVisible = 0;
			defaultConfigurationName = Release;
		};
		1720C3011ACFF29F003BBE29 /* Build configuration list for PBXNativeTarget "MissIMDemo" */ = {
			isa = XCConfigurationList;
			buildConfigurations = (
				1720C3021ACFF29F003BBE29 /* Debug */,
				1720C3031ACFF29F003BBE29 /* Release */,
			);
			defaultConfigurationIsVisible = 0;
			defaultConfigurationName = Release;
		};
		1720C3041ACFF29F003BBE29 /* Build configuration list for PBXNativeTarget "MissIMDemoTests" */ = {
			isa = XCConfigurationList;
			buildConfigurations = (
				1720C3051ACFF29F003BBE29 /* Debug */,
				1720C3061ACFF29F003BBE29 /* Release */,
			);
			defaultConfigurationIsVisible = 0;
			defaultConfigurationName = Release;
		};
/* End XCConfigurationList section */

/* Begin XCVersionGroup section */
		1720C33A1AD00992003BBE29 /* MissIMModel.xcdatamodeld */ = {
			isa = XCVersionGroup;
			children = (
				1720C33B1AD00992003BBE29 /* MissIMModel.xcdatamodel */,
			);
			currentVersion = 1720C33B1AD00992003BBE29 /* MissIMModel.xcdatamodel */;
			path = MissIMModel.xcdatamodeld;
			sourceTree = "<group>";
			versionGroupType = wrapper.xcdatamodel;
		};
/* End XCVersionGroup section */
	};
	rootObject = 1720C2D61ACFF29F003BBE29 /* Project object */;
}
